// !$*UTF8*$!
{
	archiveVersion = 1;
	classes = {
	};
	objectVersion = 55;
	objects = {

/* Begin PBXBuildFile section */
		ED5810C7273F82D00043AC27 /* AppDelegate.swift in Sources */ = {isa = PBXBuildFile; fileRef = ED5810C6273F82D00043AC27 /* AppDelegate.swift */; };
		ED5810C9273F82D00043AC27 /* SceneDelegate.swift in Sources */ = {isa = PBXBuildFile; fileRef = ED5810C8273F82D00043AC27 /* SceneDelegate.swift */; };
		ED5810D0273F82D10043AC27 /* Assets.xcassets in Resources */ = {isa = PBXBuildFile; fileRef = ED5810CF273F82D10043AC27 /* Assets.xcassets */; };
		ED5810D3273F82D10043AC27 /* LaunchScreen.storyboard in Resources */ = {isa = PBXBuildFile; fileRef = ED5810D1273F82D10043AC27 /* LaunchScreen.storyboard */; };
		ED5810EB273F8FDF0043AC27 /* Community.storyboard in Resources */ = {isa = PBXBuildFile; fileRef = ED5810EA273F8FDF0043AC27 /* Community.storyboard */; };
		ED5810EE273F8FFC0043AC27 /* CommunityVC.swift in Sources */ = {isa = PBXBuildFile; fileRef = ED5810ED273F8FFC0043AC27 /* CommunityVC.swift */; };
/* End PBXBuildFile section */

/* Begin PBXFileReference section */
		ED5810C3273F82D00043AC27 /* Remember-iOS.app */ = {isa = PBXFileReference; explicitFileType = wrapper.application; includeInIndex = 0; path = "Remember-iOS.app"; sourceTree = BUILT_PRODUCTS_DIR; };
		ED5810C6273F82D00043AC27 /* AppDelegate.swift */ = {isa = PBXFileReference; lastKnownFileType = sourcecode.swift; path = AppDelegate.swift; sourceTree = "<group>"; };
		ED5810C8273F82D00043AC27 /* SceneDelegate.swift */ = {isa = PBXFileReference; lastKnownFileType = sourcecode.swift; path = SceneDelegate.swift; sourceTree = "<group>"; };
		ED5810CF273F82D10043AC27 /* Assets.xcassets */ = {isa = PBXFileReference; lastKnownFileType = folder.assetcatalog; path = Assets.xcassets; sourceTree = "<group>"; };
		ED5810D2273F82D10043AC27 /* Base */ = {isa = PBXFileReference; lastKnownFileType = file.storyboard; name = Base; path = Base.lproj/LaunchScreen.storyboard; sourceTree = "<group>"; };
		ED5810D4273F82D10043AC27 /* Info.plist */ = {isa = PBXFileReference; lastKnownFileType = text.plist.xml; path = Info.plist; sourceTree = "<group>"; };
		ED5810EA273F8FDF0043AC27 /* Community.storyboard */ = {isa = PBXFileReference; lastKnownFileType = file.storyboard; path = Community.storyboard; sourceTree = "<group>"; };
		ED5810ED273F8FFC0043AC27 /* CommunityVC.swift */ = {isa = PBXFileReference; lastKnownFileType = sourcecode.swift; path = CommunityVC.swift; sourceTree = "<group>"; };
/* End PBXFileReference section */

/* Begin PBXFrameworksBuildPhase section */
		ED5810C0273F82D00043AC27 /* Frameworks */ = {
			isa = PBXFrameworksBuildPhase;
			buildActionMask = 2147483647;
			files = (
			);
			runOnlyForDeploymentPostprocessing = 0;
		};
/* End PBXFrameworksBuildPhase section */

/* Begin PBXGroup section */
		ED5810BA273F82D00043AC27 = {
			isa = PBXGroup;
			children = (
				ED5810C5273F82D00043AC27 /* Remember-iOS */,
				ED5810C4273F82D00043AC27 /* Products */,
			);
			sourceTree = "<group>";
		};
		ED5810C4273F82D00043AC27 /* Products */ = {
			isa = PBXGroup;
			children = (
				ED5810C3273F82D00043AC27 /* Remember-iOS.app */,
			);
			name = Products;
			sourceTree = "<group>";
		};
		ED5810C5273F82D00043AC27 /* Remember-iOS */ = {
			isa = PBXGroup;
			children = (
				ED5810DB273F87C20043AC27 /* Source */,
				ED5810DA273F87BA0043AC27 /* Resource */,
			);
			path = "Remember-iOS";
			sourceTree = "<group>";
		};
		ED5810DA273F87BA0043AC27 /* Resource */ = {
			isa = PBXGroup;
			children = (
				ED5810CF273F82D10043AC27 /* Assets.xcassets */,
				ED5810D4273F82D10043AC27 /* Info.plist */,
				ED5810DC273F8BEA0043AC27 /* Views */,
			);
			path = Resource;
			sourceTree = "<group>";
		};
		ED5810DB273F87C20043AC27 /* Source */ = {
			isa = PBXGroup;
			children = (
				ED5810E4273F8C610043AC27 /* Extensions */,
				ED5810E3273F8C5F0043AC27 /* Models */,
				ED5810E2273F8C1E0043AC27 /* Supporting Files */,
				ED5810E1273F8C1B0043AC27 /* Cells */,
				ED5810E0273F8C0D0043AC27 /* Components */,
				ED5810DF273F8C060043AC27 /* ViewControllers */,
			);
			path = Source;
			sourceTree = "<group>";
		};
		ED5810DC273F8BEA0043AC27 /* Views */ = {
			isa = PBXGroup;
			children = (
				ED5810DE273F8BF00043AC27 /* Nibs */,
				ED5810DD273F8BED0043AC27 /* Storyboard */,
			);
			path = Views;
			sourceTree = "<group>";
		};
		ED5810DD273F8BED0043AC27 /* Storyboard */ = {
			isa = PBXGroup;
			children = (
				ED5810D1273F82D10043AC27 /* LaunchScreen.storyboard */,
				ED5810EA273F8FDF0043AC27 /* Community.storyboard */,
			);
			path = Storyboard;
			sourceTree = "<group>";
		};
		ED5810DE273F8BF00043AC27 /* Nibs */ = {
			isa = PBXGroup;
			children = (
			);
			path = Nibs;
			sourceTree = "<group>";
		};
		ED5810DF273F8C060043AC27 /* ViewControllers */ = {
			isa = PBXGroup;
			children = (
				ED5810ED273F8FFC0043AC27 /* CommunityVC.swift */,
			);
			path = ViewControllers;
			sourceTree = "<group>";
		};
		ED5810E0273F8C0D0043AC27 /* Components */ = {
			isa = PBXGroup;
			children = (
			);
			path = Components;
			sourceTree = "<group>";
		};
		ED5810E1273F8C1B0043AC27 /* Cells */ = {
			isa = PBXGroup;
			children = (
			);
			path = Cells;
			sourceTree = "<group>";
		};
		ED5810E2273F8C1E0043AC27 /* Supporting Files */ = {
			isa = PBXGroup;
			children = (
				ED5810C6273F82D00043AC27 /* AppDelegate.swift */,
				ED5810C8273F82D00043AC27 /* SceneDelegate.swift */,
			);
			path = "Supporting Files";
			sourceTree = "<group>";
		};
		ED5810E3273F8C5F0043AC27 /* Models */ = {
			isa = PBXGroup;
			children = (
			);
			path = Models;
			sourceTree = "<group>";
		};
		ED5810E4273F8C610043AC27 /* Extensions */ = {
			isa = PBXGroup;
			children = (
			);
			path = Extensions;
			sourceTree = "<group>";
		};
/* End PBXGroup section */

/* Begin PBXNativeTarget section */
		ED5810C2273F82D00043AC27 /* Remember-iOS */ = {
			isa = PBXNativeTarget;
			buildConfigurationList = ED5810D7273F82D10043AC27 /* Build configuration list for PBXNativeTarget "Remember-iOS" */;
			buildPhases = (
				ED5810BF273F82D00043AC27 /* Sources */,
				ED5810C0273F82D00043AC27 /* Frameworks */,
				ED5810C1273F82D00043AC27 /* Resources */,
			);
			buildRules = (
			);
			dependencies = (
			);
			name = "Remember-iOS";
			productName = "Remember-iOS";
			productReference = ED5810C3273F82D00043AC27 /* Remember-iOS.app */;
			productType = "com.apple.product-type.application";
		};
/* End PBXNativeTarget section */

/* Begin PBXProject section */
		ED5810BB273F82D00043AC27 /* Project object */ = {
			isa = PBXProject;
			attributes = {
				BuildIndependentTargetsInParallel = 1;
				LastSwiftUpdateCheck = 1310;
				LastUpgradeCheck = 1310;
				TargetAttributes = {
					ED5810C2273F82D00043AC27 = {
						CreatedOnToolsVersion = 13.1;
					};
				};
			};
			buildConfigurationList = ED5810BE273F82D00043AC27 /* Build configuration list for PBXProject "Remember-iOS" */;
			compatibilityVersion = "Xcode 13.0";
			developmentRegion = en;
			hasScannedForEncodings = 0;
			knownRegions = (
				en,
				Base,
			);
			mainGroup = ED5810BA273F82D00043AC27;
			productRefGroup = ED5810C4273F82D00043AC27 /* Products */;
			projectDirPath = "";
			projectRoot = "";
			targets = (
				ED5810C2273F82D00043AC27 /* Remember-iOS */,
			);
		};
/* End PBXProject section */

/* Begin PBXResourcesBuildPhase section */
		ED5810C1273F82D00043AC27 /* Resources */ = {
			isa = PBXResourcesBuildPhase;
			buildActionMask = 2147483647;
			files = (
				ED5810EB273F8FDF0043AC27 /* Community.storyboard in Resources */,
				ED5810D3273F82D10043AC27 /* LaunchScreen.storyboard in Resources */,
				ED5810D0273F82D10043AC27 /* Assets.xcassets in Resources */,
			);
			runOnlyForDeploymentPostprocessing = 0;
		};
/* End PBXResourcesBuildPhase section */

/* Begin PBXSourcesBuildPhase section */
		ED5810BF273F82D00043AC27 /* Sources */ = {
			isa = PBXSourcesBuildPhase;
			buildActionMask = 2147483647;
			files = (
				ED5810EE273F8FFC0043AC27 /* CommunityVC.swift in Sources */,
				ED5810C7273F82D00043AC27 /* AppDelegate.swift in Sources */,
				ED5810C9273F82D00043AC27 /* SceneDelegate.swift in Sources */,
			);
			runOnlyForDeploymentPostprocessing = 0;
		};
/* End PBXSourcesBuildPhase section */

/* Begin PBXVariantGroup section */
		ED5810D1273F82D10043AC27 /* LaunchScreen.storyboard */ = {
			isa = PBXVariantGroup;
			children = (
				ED5810D2273F82D10043AC27 /* Base */,
			);
			name = LaunchScreen.storyboard;
			sourceTree = "<group>";
		};
/* End PBXVariantGroup section */

/* Begin XCBuildConfiguration section */
		ED5810D5273F82D10043AC27 /* Debug */ = {
			isa = XCBuildConfiguration;
			buildSettings = {
				ALWAYS_SEARCH_USER_PATHS = NO;
				CLANG_ANALYZER_NONNULL = YES;
				CLANG_ANALYZER_NUMBER_OBJECT_CONVERSION = YES_AGGRESSIVE;
				CLANG_CXX_LANGUAGE_STANDARD = "gnu++17";
				CLANG_CXX_LIBRARY = "libc++";
				CLANG_ENABLE_MODULES = YES;
				CLANG_ENABLE_OBJC_ARC = YES;
				CLANG_ENABLE_OBJC_WEAK = YES;
				CLANG_WARN_BLOCK_CAPTURE_AUTORELEASING = YES;
				CLANG_WARN_BOOL_CONVERSION = YES;
				CLANG_WARN_COMMA = YES;
				CLANG_WARN_CONSTANT_CONVERSION = YES;
				CLANG_WARN_DEPRECATED_OBJC_IMPLEMENTATIONS = YES;
				CLANG_WARN_DIRECT_OBJC_ISA_USAGE = YES_ERROR;
				CLANG_WARN_DOCUMENTATION_COMMENTS = YES;
				CLANG_WARN_EMPTY_BODY = YES;
				CLANG_WARN_ENUM_CONVERSION = YES;
				CLANG_WARN_INFINITE_RECURSION = YES;
				CLANG_WARN_INT_CONVERSION = YES;
				CLANG_WARN_NON_LITERAL_NULL_CONVERSION = YES;
				CLANG_WARN_OBJC_IMPLICIT_RETAIN_SELF = YES;
				CLANG_WARN_OBJC_LITERAL_CONVERSION = YES;
				CLANG_WARN_OBJC_ROOT_CLASS = YES_ERROR;
				CLANG_WARN_QUOTED_INCLUDE_IN_FRAMEWORK_HEADER = YES;
				CLANG_WARN_RANGE_LOOP_ANALYSIS = YES;
				CLANG_WARN_STRICT_PROTOTYPES = YES;
				CLANG_WARN_SUSPICIOUS_MOVE = YES;
				CLANG_WARN_UNGUARDED_AVAILABILITY = YES_AGGRESSIVE;
				CLANG_WARN_UNREACHABLE_CODE = YES;
				CLANG_WARN__DUPLICATE_METHOD_MATCH = YES;
				COPY_PHASE_STRIP = NO;
				DEBUG_INFORMATION_FORMAT = dwarf;
				ENABLE_STRICT_OBJC_MSGSEND = YES;
				ENABLE_TESTABILITY = YES;
				GCC_C_LANGUAGE_STANDARD = gnu11;
				GCC_DYNAMIC_NO_PIC = NO;
				GCC_NO_COMMON_BLOCKS = YES;
				GCC_OPTIMIZATION_LEVEL = 0;
				GCC_PREPROCESSOR_DEFINITIONS = (
					"DEBUG=1",
					"$(inherited)",
				);
				GCC_WARN_64_TO_32_BIT_CONVERSION = YES;
				GCC_WARN_ABOUT_RETURN_TYPE = YES_ERROR;
				GCC_WARN_UNDECLARED_SELECTOR = YES;
				GCC_WARN_UNINITIALIZED_AUTOS = YES_AGGRESSIVE;
				GCC_WARN_UNUSED_FUNCTION = YES;
				GCC_WARN_UNUSED_VARIABLE = YES;
				IPHONEOS_DEPLOYMENT_TARGET = 15.0;
				MTL_ENABLE_DEBUG_INFO = INCLUDE_SOURCE;
				MTL_FAST_MATH = YES;
				ONLY_ACTIVE_ARCH = YES;
				SDKROOT = iphoneos;
				SWIFT_ACTIVE_COMPILATION_CONDITIONS = DEBUG;
				SWIFT_OPTIMIZATION_LEVEL = "-Onone";
			};
			name = Debug;
		};
		ED5810D6273F82D10043AC27 /* Release */ = {
			isa = XCBuildConfiguration;
			buildSettings = {
				ALWAYS_SEARCH_USER_PATHS = NO;
				CLANG_ANALYZER_NONNULL = YES;
				CLANG_ANALYZER_NUMBER_OBJECT_CONVERSION = YES_AGGRESSIVE;
				CLANG_CXX_LANGUAGE_STANDARD = "gnu++17";
				CLANG_CXX_LIBRARY = "libc++";
				CLANG_ENABLE_MODULES = YES;
				CLANG_ENABLE_OBJC_ARC = YES;
				CLANG_ENABLE_OBJC_WEAK = YES;
				CLANG_WARN_BLOCK_CAPTURE_AUTORELEASING = YES;
				CLANG_WARN_BOOL_CONVERSION = YES;
				CLANG_WARN_COMMA = YES;
				CLANG_WARN_CONSTANT_CONVERSION = YES;
				CLANG_WARN_DEPRECATED_OBJC_IMPLEMENTATIONS = YES;
				CLANG_WARN_DIRECT_OBJC_ISA_USAGE = YES_ERROR;
				CLANG_WARN_DOCUMENTATION_COMMENTS = YES;
				CLANG_WARN_EMPTY_BODY = YES;
				CLANG_WARN_ENUM_CONVERSION = YES;
				CLANG_WARN_INFINITE_RECURSION = YES;
				CLANG_WARN_INT_CONVERSION = YES;
				CLANG_WARN_NON_LITERAL_NULL_CONVERSION = YES;
				CLANG_WARN_OBJC_IMPLICIT_RETAIN_SELF = YES;
				CLANG_WARN_OBJC_LITERAL_CONVERSION = YES;
				CLANG_WARN_OBJC_ROOT_CLASS = YES_ERROR;
				CLANG_WARN_QUOTED_INCLUDE_IN_FRAMEWORK_HEADER = YES;
				CLANG_WARN_RANGE_LOOP_ANALYSIS = YES;
				CLANG_WARN_STRICT_PROTOTYPES = YES;
				CLANG_WARN_SUSPICIOUS_MOVE = YES;
				CLANG_WARN_UNGUARDED_AVAILABILITY = YES_AGGRESSIVE;
				CLANG_WARN_UNREACHABLE_CODE = YES;
				CLANG_WARN__DUPLICATE_METHOD_MATCH = YES;
				COPY_PHASE_STRIP = NO;
				DEBUG_INFORMATION_FORMAT = "dwarf-with-dsym";
				ENABLE_NS_ASSERTIONS = NO;
				ENABLE_STRICT_OBJC_MSGSEND = YES;
				GCC_C_LANGUAGE_STANDARD = gnu11;
				GCC_NO_COMMON_BLOCKS = YES;
				GCC_WARN_64_TO_32_BIT_CONVERSION = YES;
				GCC_WARN_ABOUT_RETURN_TYPE = YES_ERROR;
				GCC_WARN_UNDECLARED_SELECTOR = YES;
				GCC_WARN_UNINITIALIZED_AUTOS = YES_AGGRESSIVE;
				GCC_WARN_UNUSED_FUNCTION = YES;
				GCC_WARN_UNUSED_VARIABLE = YES;
				IPHONEOS_DEPLOYMENT_TARGET = 15.0;
				MTL_ENABLE_DEBUG_INFO = NO;
				MTL_FAST_MATH = YES;
				SDKROOT = iphoneos;
				SWIFT_COMPILATION_MODE = wholemodule;
				SWIFT_OPTIMIZATION_LEVEL = "-O";
				VALIDATE_PRODUCT = YES;
			};
			name = Release;
		};
		ED5810D8273F82D10043AC27 /* Debug */ = {
			isa = XCBuildConfiguration;
			buildSettings = {
				ASSETCATALOG_COMPILER_APPICON_NAME = AppIcon;
				ASSETCATALOG_COMPILER_GLOBAL_ACCENT_COLOR_NAME = AccentColor;
				CODE_SIGN_STYLE = Automatic;
				CURRENT_PROJECT_VERSION = 1;
				GENERATE_INFOPLIST_FILE = YES;
				INFOPLIST_FILE = "Remember-iOS/Resource/Info.plist";
				INFOPLIST_KEY_UIApplicationSupportsIndirectInputEvents = YES;
				INFOPLIST_KEY_UILaunchStoryboardName = LaunchScreen;
				INFOPLIST_KEY_UIMainStoryboardFile = Community;
				INFOPLIST_KEY_UISupportedInterfaceOrientations_iPad = "UIInterfaceOrientationPortrait UIInterfaceOrientationPortraitUpsideDown UIInterfaceOrientationLandscapeLeft UIInterfaceOrientationLandscapeRight";
				INFOPLIST_KEY_UISupportedInterfaceOrientations_iPhone = "UIInterfaceOrientationPortrait UIInterfaceOrientationLandscapeLeft UIInterfaceOrientationLandscapeRight";
				LD_RUNPATH_SEARCH_PATHS = (
					"$(inherited)",
					"@executable_path/Frameworks",
				);
				MARKETING_VERSION = 1.0;
				PRODUCT_BUNDLE_IDENTIFIER = "com.tiekle.Remember-iOS";
				PRODUCT_NAME = "$(TARGET_NAME)";
				SWIFT_EMIT_LOC_STRINGS = YES;
				SWIFT_VERSION = 5.0;
				TARGETED_DEVICE_FAMILY = "1,2";
			};
			name = Debug;
		};
		ED5810D9273F82D10043AC27 /* Release */ = {
			isa = XCBuildConfiguration;
			buildSettings = {
				ASSETCATALOG_COMPILER_APPICON_NAME = AppIcon;
				ASSETCATALOG_COMPILER_GLOBAL_ACCENT_COLOR_NAME = AccentColor;
				CODE_SIGN_STYLE = Automatic;
				CURRENT_PROJECT_VERSION = 1;
				GENERATE_INFOPLIST_FILE = YES;
				INFOPLIST_FILE = "Remember-iOS/Resource/Info.plist";
				INFOPLIST_KEY_UIApplicationSupportsIndirectInputEvents = YES;
				INFOPLIST_KEY_UILaunchStoryboardName = LaunchScreen;
				INFOPLIST_KEY_UIMainStoryboardFile = Community;
				INFOPLIST_KEY_UISupportedInterfaceOrientations_iPad = "UIInterfaceOrientationPortrait UIInterfaceOrientationPortraitUpsideDown UIInterfaceOrientationLandscapeLeft UIInterfaceOrientationLandscapeRight";
				INFOPLIST_KEY_UISupportedInterfaceOrientations_iPhone = "UIInterfaceOrientationPortrait UIInterfaceOrientationLandscapeLeft UIInterfaceOrientationLandscapeRight";
				LD_RUNPATH_SEARCH_PATHS = (
					"$(inherited)",
					"@executable_path/Frameworks",
				);
				MARKETING_VERSION = 1.0;
				PRODUCT_BUNDLE_IDENTIFIER = "com.tiekle.Remember-iOS";
				PRODUCT_NAME = "$(TARGET_NAME)";
				SWIFT_EMIT_LOC_STRINGS = YES;
				SWIFT_VERSION = 5.0;
				TARGETED_DEVICE_FAMILY = "1,2";
			};
			name = Release;
		};
/* End XCBuildConfiguration section */

/* Begin XCConfigurationList section */
		ED5810BE273F82D00043AC27 /* Build configuration list for PBXProject "Remember-iOS" */ = {
			isa = XCConfigurationList;
			buildConfigurations = (
				ED5810D5273F82D10043AC27 /* Debug */,
				ED5810D6273F82D10043AC27 /* Release */,
			);
			defaultConfigurationIsVisible = 0;
			defaultConfigurationName = Release;
		};
		ED5810D7273F82D10043AC27 /* Build configuration list for PBXNativeTarget "Remember-iOS" */ = {
			isa = XCConfigurationList;
			buildConfigurations = (
				ED5810D8273F82D10043AC27 /* Debug */,
				ED5810D9273F82D10043AC27 /* Release */,
			);
			defaultConfigurationIsVisible = 0;
			defaultConfigurationName = Release;
		};
/* End XCConfigurationList section */
	};
	rootObject = ED5810BB273F82D00043AC27 /* Project object */;
}
