// !$*UTF8*$!
{
	archiveVersion = 1;
	classes = {
	};
	objectVersion = 55;
	objects = {

/* Begin PBXBuildFile section */
		3E759A14EF5DA4738C4C6B98 /* Pods_Remember_iOS.framework in Frameworks */ = {isa = PBXBuildFile; fileRef = E6CF8216FA7164CF1BC22978 /* Pods_Remember_iOS.framework */; };
		7744C55A2741861000325814 /* CommunityTVC.swift in Sources */ = {isa = PBXBuildFile; fileRef = 7744C5582741861000325814 /* CommunityTVC.swift */; };
		7744C55B2741861000325814 /* CommunityTVC.xib in Resources */ = {isa = PBXBuildFile; fileRef = 7744C5592741861000325814 /* CommunityTVC.xib */; };
		7744C55D2741942300325814 /* AppContentDataModel.swift in Sources */ = {isa = PBXBuildFile; fileRef = 7744C55C2741942300325814 /* AppContentDataModel.swift */; };
		7744C56E2742414700325814 /* CategoryCVC.swift in Sources */ = {isa = PBXBuildFile; fileRef = 7744C56C2742414700325814 /* CategoryCVC.swift */; };
		7744C56F2742414700325814 /* CategoryCVC.xib in Resources */ = {isa = PBXBuildFile; fileRef = 7744C56D2742414700325814 /* CategoryCVC.xib */; };
		779015C127477E4B00F83ACD /* TabBar.storyboard in Resources */ = {isa = PBXBuildFile; fileRef = 779015C027477E4B00F83ACD /* TabBar.storyboard */; };
		779015C327477ED000F83ACD /* TabBarVC.swift in Sources */ = {isa = PBXBuildFile; fileRef = 779015C227477ED000F83ACD /* TabBarVC.swift */; };
		779015C52747800C00F83ACD /* CALayer+.swift in Sources */ = {isa = PBXBuildFile; fileRef = 779015C42747800C00F83ACD /* CALayer+.swift */; };
		ED5810C7273F82D00043AC27 /* AppDelegate.swift in Sources */ = {isa = PBXBuildFile; fileRef = ED5810C6273F82D00043AC27 /* AppDelegate.swift */; };
		ED5810C9273F82D00043AC27 /* SceneDelegate.swift in Sources */ = {isa = PBXBuildFile; fileRef = ED5810C8273F82D00043AC27 /* SceneDelegate.swift */; };
		ED5810D0273F82D10043AC27 /* Assets.xcassets in Resources */ = {isa = PBXBuildFile; fileRef = ED5810CF273F82D10043AC27 /* Assets.xcassets */; };
		ED5810D3273F82D10043AC27 /* LaunchScreen.storyboard in Resources */ = {isa = PBXBuildFile; fileRef = ED5810D1273F82D10043AC27 /* LaunchScreen.storyboard */; };
		ED5810EB273F8FDF0043AC27 /* Community.storyboard in Resources */ = {isa = PBXBuildFile; fileRef = ED5810EA273F8FDF0043AC27 /* Community.storyboard */; };
		ED5810EE273F8FFC0043AC27 /* CommunityVC.swift in Sources */ = {isa = PBXBuildFile; fileRef = ED5810ED273F8FFC0043AC27 /* CommunityVC.swift */; };
		ED5810F0273F96920043AC27 /* UIView+.swift in Sources */ = {isa = PBXBuildFile; fileRef = ED5810EF273F96920043AC27 /* UIView+.swift */; };
		ED5810F2273F96CB0043AC27 /* UIScreen+.swift in Sources */ = {isa = PBXBuildFile; fileRef = ED5810F1273F96CB0043AC27 /* UIScreen+.swift */; };
		ED5810F5273F97020043AC27 /* UIViewController+.swift in Sources */ = {isa = PBXBuildFile; fileRef = ED5810F4273F97020043AC27 /* UIViewController+.swift */; };
		ED5810F7273F971A0043AC27 /* UITextField+.swift in Sources */ = {isa = PBXBuildFile; fileRef = ED5810F6273F971A0043AC27 /* UITextField+.swift */; };
		ED5810F9273F973C0043AC27 /* Encodable+.swift in Sources */ = {isa = PBXBuildFile; fileRef = ED5810F8273F973C0043AC27 /* Encodable+.swift */; };
		ED5810FB273F97C20043AC27 /* ClassName+UIViewController.swift in Sources */ = {isa = PBXBuildFile; fileRef = ED5810FA273F97C20043AC27 /* ClassName+UIViewController.swift */; };
		ED5810FE273F97FA0043AC27 /* UICollectionViewRegisterable.swift in Sources */ = {isa = PBXBuildFile; fileRef = ED5810FD273F97FA0043AC27 /* UICollectionViewRegisterable.swift */; };
		ED581100273F980B0043AC27 /* UITableViewRegisterable.swift in Sources */ = {isa = PBXBuildFile; fileRef = ED5810FF273F980B0043AC27 /* UITableViewRegisterable.swift */; };
		ED581103273F98F00043AC27 /* BaseViewController.swift in Sources */ = {isa = PBXBuildFile; fileRef = ED581102273F98F00043AC27 /* BaseViewController.swift */; };
		ED581106273F998C0043AC27 /* ColorLiteral.swift in Sources */ = {isa = PBXBuildFile; fileRef = ED581105273F998C0043AC27 /* ColorLiteral.swift */; };
		ED581108273F9A8C0043AC27 /* ImageLiteral.swift in Sources */ = {isa = PBXBuildFile; fileRef = ED581107273F9A8C0043AC27 /* ImageLiteral.swift */; };
		ED58110B273FA1970043AC27 /* CreatePostVC.swift in Sources */ = {isa = PBXBuildFile; fileRef = ED58110A273FA1970043AC27 /* CreatePostVC.swift */; };
		EDE45B9727436758007DB91E /* DataTableViewController.swift in Sources */ = {isa = PBXBuildFile; fileRef = EDE45B9627436758007DB91E /* DataTableViewController.swift */; };
		EDE45B9A27436A65007DB91E /* ContentTVC.swift in Sources */ = {isa = PBXBuildFile; fileRef = EDE45B9827436A65007DB91E /* ContentTVC.swift */; };
		EDE45B9B27436A65007DB91E /* ContentTVC.xib in Resources */ = {isa = PBXBuildFile; fileRef = EDE45B9927436A65007DB91E /* ContentTVC.xib */; };
		EDE45B9E27436BF4007DB91E /* CommentTVC.swift in Sources */ = {isa = PBXBuildFile; fileRef = EDE45B9C27436BF4007DB91E /* CommentTVC.swift */; };
		EDE45B9F27436BF4007DB91E /* CommentTVC.xib in Resources */ = {isa = PBXBuildFile; fileRef = EDE45B9D27436BF4007DB91E /* CommentTVC.xib */; };
		EDE45BA127436C91007DB91E /* DetailPostVC.swift in Sources */ = {isa = PBXBuildFile; fileRef = EDE45BA027436C91007DB91E /* DetailPostVC.swift */; };
		EDE45BA3274374B5007DB91E /* NavigationBar.swift in Sources */ = {isa = PBXBuildFile; fileRef = EDE45BA2274374B5007DB91E /* NavigationBar.swift */; };
		EDE45BA52743841D007DB91E /* Content.swift in Sources */ = {isa = PBXBuildFile; fileRef = EDE45BA42743841D007DB91E /* Content.swift */; };
		EDE45BA8274384DF007DB91E /* PostManager.swift in Sources */ = {isa = PBXBuildFile; fileRef = EDE45BA7274384DF007DB91E /* PostManager.swift */; };
		EDE45BAA27438A2E007DB91E /* UILabel+.swift in Sources */ = {isa = PBXBuildFile; fileRef = EDE45BA927438A2E007DB91E /* UILabel+.swift */; };
		EDE45BAD27438BB9007DB91E /* TypeCVC.swift in Sources */ = {isa = PBXBuildFile; fileRef = EDE45BAB27438BB9007DB91E /* TypeCVC.swift */; };
		EDE45BAE27438BB9007DB91E /* TypeCVC.xib in Resources */ = {isa = PBXBuildFile; fileRef = EDE45BAC27438BB9007DB91E /* TypeCVC.xib */; };
		EDE45BB12743919C007DB91E /* CommentHeader.swift in Sources */ = {isa = PBXBuildFile; fileRef = EDE45BB02743919C007DB91E /* CommentHeader.swift */; };
		EDE45BB52743AA1F007DB91E /* CommentSection.swift in Sources */ = {isa = PBXBuildFile; fileRef = EDE45BB42743AA1F007DB91E /* CommentSection.swift */; };
		EDE45BB72743AA31007DB91E /* CommentSection.xib in Resources */ = {isa = PBXBuildFile; fileRef = EDE45BB62743AA31007DB91E /* CommentSection.xib */; };
/* End PBXBuildFile section */

/* Begin PBXFileReference section */
		7744C5582741861000325814 /* CommunityTVC.swift */ = {isa = PBXFileReference; lastKnownFileType = sourcecode.swift; path = CommunityTVC.swift; sourceTree = "<group>"; };
		7744C5592741861000325814 /* CommunityTVC.xib */ = {isa = PBXFileReference; lastKnownFileType = file.xib; path = CommunityTVC.xib; sourceTree = "<group>"; };
		7744C55C2741942300325814 /* AppContentDataModel.swift */ = {isa = PBXFileReference; lastKnownFileType = sourcecode.swift; path = AppContentDataModel.swift; sourceTree = "<group>"; };
		7744C56C2742414700325814 /* CategoryCVC.swift */ = {isa = PBXFileReference; lastKnownFileType = sourcecode.swift; path = CategoryCVC.swift; sourceTree = "<group>"; };
		7744C56D2742414700325814 /* CategoryCVC.xib */ = {isa = PBXFileReference; lastKnownFileType = file.xib; path = CategoryCVC.xib; sourceTree = "<group>"; };
		779015C027477E4B00F83ACD /* TabBar.storyboard */ = {isa = PBXFileReference; lastKnownFileType = file.storyboard; path = TabBar.storyboard; sourceTree = "<group>"; };
		779015C227477ED000F83ACD /* TabBarVC.swift */ = {isa = PBXFileReference; lastKnownFileType = sourcecode.swift; path = TabBarVC.swift; sourceTree = "<group>"; };
		779015C42747800C00F83ACD /* CALayer+.swift */ = {isa = PBXFileReference; lastKnownFileType = sourcecode.swift; path = "CALayer+.swift"; sourceTree = "<group>"; };
		8CF2461BBC32D3FA0490DA95 /* Pods-Remember-iOS.release.xcconfig */ = {isa = PBXFileReference; includeInIndex = 1; lastKnownFileType = text.xcconfig; name = "Pods-Remember-iOS.release.xcconfig"; path = "Target Support Files/Pods-Remember-iOS/Pods-Remember-iOS.release.xcconfig"; sourceTree = "<group>"; };
		8DA145BCE7B81C9A0DACC18B /* Pods-Remember-iOS.debug.xcconfig */ = {isa = PBXFileReference; includeInIndex = 1; lastKnownFileType = text.xcconfig; name = "Pods-Remember-iOS.debug.xcconfig"; path = "Target Support Files/Pods-Remember-iOS/Pods-Remember-iOS.debug.xcconfig"; sourceTree = "<group>"; };
		E6CF8216FA7164CF1BC22978 /* Pods_Remember_iOS.framework */ = {isa = PBXFileReference; explicitFileType = wrapper.framework; includeInIndex = 0; path = Pods_Remember_iOS.framework; sourceTree = BUILT_PRODUCTS_DIR; };
		ED5810C3273F82D00043AC27 /* Remember-iOS.app */ = {isa = PBXFileReference; explicitFileType = wrapper.application; includeInIndex = 0; path = "Remember-iOS.app"; sourceTree = BUILT_PRODUCTS_DIR; };
		ED5810C6273F82D00043AC27 /* AppDelegate.swift */ = {isa = PBXFileReference; lastKnownFileType = sourcecode.swift; path = AppDelegate.swift; sourceTree = "<group>"; };
		ED5810C8273F82D00043AC27 /* SceneDelegate.swift */ = {isa = PBXFileReference; lastKnownFileType = sourcecode.swift; path = SceneDelegate.swift; sourceTree = "<group>"; };
		ED5810CF273F82D10043AC27 /* Assets.xcassets */ = {isa = PBXFileReference; lastKnownFileType = folder.assetcatalog; path = Assets.xcassets; sourceTree = "<group>"; };
		ED5810D2273F82D10043AC27 /* Base */ = {isa = PBXFileReference; lastKnownFileType = file.storyboard; name = Base; path = Base.lproj/LaunchScreen.storyboard; sourceTree = "<group>"; };
		ED5810D4273F82D10043AC27 /* Info.plist */ = {isa = PBXFileReference; lastKnownFileType = text.plist.xml; path = Info.plist; sourceTree = "<group>"; };
		ED5810EA273F8FDF0043AC27 /* Community.storyboard */ = {isa = PBXFileReference; lastKnownFileType = file.storyboard; path = Community.storyboard; sourceTree = "<group>"; };
		ED5810ED273F8FFC0043AC27 /* CommunityVC.swift */ = {isa = PBXFileReference; lastKnownFileType = sourcecode.swift; path = CommunityVC.swift; sourceTree = "<group>"; };
		ED5810EF273F96920043AC27 /* UIView+.swift */ = {isa = PBXFileReference; lastKnownFileType = sourcecode.swift; path = "UIView+.swift"; sourceTree = "<group>"; };
		ED5810F1273F96CB0043AC27 /* UIScreen+.swift */ = {isa = PBXFileReference; lastKnownFileType = sourcecode.swift; path = "UIScreen+.swift"; sourceTree = "<group>"; };
		ED5810F4273F97020043AC27 /* UIViewController+.swift */ = {isa = PBXFileReference; lastKnownFileType = sourcecode.swift; path = "UIViewController+.swift"; sourceTree = "<group>"; };
		ED5810F6273F971A0043AC27 /* UITextField+.swift */ = {isa = PBXFileReference; lastKnownFileType = sourcecode.swift; path = "UITextField+.swift"; sourceTree = "<group>"; };
		ED5810F8273F973C0043AC27 /* Encodable+.swift */ = {isa = PBXFileReference; lastKnownFileType = sourcecode.swift; path = "Encodable+.swift"; sourceTree = "<group>"; };
		ED5810FA273F97C20043AC27 /* ClassName+UIViewController.swift */ = {isa = PBXFileReference; lastKnownFileType = sourcecode.swift; path = "ClassName+UIViewController.swift"; sourceTree = "<group>"; };
		ED5810FD273F97FA0043AC27 /* UICollectionViewRegisterable.swift */ = {isa = PBXFileReference; lastKnownFileType = sourcecode.swift; path = UICollectionViewRegisterable.swift; sourceTree = "<group>"; };
		ED5810FF273F980B0043AC27 /* UITableViewRegisterable.swift */ = {isa = PBXFileReference; lastKnownFileType = sourcecode.swift; path = UITableViewRegisterable.swift; sourceTree = "<group>"; };
		ED581102273F98F00043AC27 /* BaseViewController.swift */ = {isa = PBXFileReference; lastKnownFileType = sourcecode.swift; path = BaseViewController.swift; sourceTree = "<group>"; };
		ED581105273F998C0043AC27 /* ColorLiteral.swift */ = {isa = PBXFileReference; lastKnownFileType = sourcecode.swift; path = ColorLiteral.swift; sourceTree = "<group>"; };
		ED581107273F9A8C0043AC27 /* ImageLiteral.swift */ = {isa = PBXFileReference; lastKnownFileType = sourcecode.swift; path = ImageLiteral.swift; sourceTree = "<group>"; };
		ED58110A273FA1970043AC27 /* CreatePostVC.swift */ = {isa = PBXFileReference; lastKnownFileType = sourcecode.swift; path = CreatePostVC.swift; sourceTree = "<group>"; };
		EDE45B9627436758007DB91E /* DataTableViewController.swift */ = {isa = PBXFileReference; lastKnownFileType = sourcecode.swift; path = DataTableViewController.swift; sourceTree = "<group>"; };
		EDE45B9827436A65007DB91E /* ContentTVC.swift */ = {isa = PBXFileReference; lastKnownFileType = sourcecode.swift; path = ContentTVC.swift; sourceTree = "<group>"; };
		EDE45B9927436A65007DB91E /* ContentTVC.xib */ = {isa = PBXFileReference; lastKnownFileType = file.xib; path = ContentTVC.xib; sourceTree = "<group>"; };
		EDE45B9C27436BF4007DB91E /* CommentTVC.swift */ = {isa = PBXFileReference; lastKnownFileType = sourcecode.swift; path = CommentTVC.swift; sourceTree = "<group>"; };
		EDE45B9D27436BF4007DB91E /* CommentTVC.xib */ = {isa = PBXFileReference; lastKnownFileType = file.xib; path = CommentTVC.xib; sourceTree = "<group>"; };
		EDE45BA027436C91007DB91E /* DetailPostVC.swift */ = {isa = PBXFileReference; lastKnownFileType = sourcecode.swift; path = DetailPostVC.swift; sourceTree = "<group>"; };
		EDE45BA2274374B5007DB91E /* NavigationBar.swift */ = {isa = PBXFileReference; lastKnownFileType = sourcecode.swift; path = NavigationBar.swift; sourceTree = "<group>"; };
		EDE45BA42743841D007DB91E /* Content.swift */ = {isa = PBXFileReference; lastKnownFileType = sourcecode.swift; path = Content.swift; sourceTree = "<group>"; };
		EDE45BA7274384DF007DB91E /* PostManager.swift */ = {isa = PBXFileReference; lastKnownFileType = sourcecode.swift; path = PostManager.swift; sourceTree = "<group>"; };
		EDE45BA927438A2E007DB91E /* UILabel+.swift */ = {isa = PBXFileReference; lastKnownFileType = sourcecode.swift; path = "UILabel+.swift"; sourceTree = "<group>"; };
		EDE45BAB27438BB9007DB91E /* TypeCVC.swift */ = {isa = PBXFileReference; lastKnownFileType = sourcecode.swift; path = TypeCVC.swift; sourceTree = "<group>"; };
		EDE45BAC27438BB9007DB91E /* TypeCVC.xib */ = {isa = PBXFileReference; lastKnownFileType = file.xib; path = TypeCVC.xib; sourceTree = "<group>"; };
		EDE45BB02743919C007DB91E /* CommentHeader.swift */ = {isa = PBXFileReference; lastKnownFileType = sourcecode.swift; path = CommentHeader.swift; sourceTree = "<group>"; };
		EDE45BB42743AA1F007DB91E /* CommentSection.swift */ = {isa = PBXFileReference; lastKnownFileType = sourcecode.swift; path = CommentSection.swift; sourceTree = "<group>"; };
		EDE45BB62743AA31007DB91E /* CommentSection.xib */ = {isa = PBXFileReference; lastKnownFileType = file.xib; path = CommentSection.xib; sourceTree = "<group>"; };
/* End PBXFileReference section */

/* Begin PBXFrameworksBuildPhase section */
		ED5810C0273F82D00043AC27 /* Frameworks */ = {
			isa = PBXFrameworksBuildPhase;
			buildActionMask = 2147483647;
			files = (
				3E759A14EF5DA4738C4C6B98 /* Pods_Remember_iOS.framework in Frameworks */,
			);
			runOnlyForDeploymentPostprocessing = 0;
		};
/* End PBXFrameworksBuildPhase section */

/* Begin PBXGroup section */
		053F18F9A9ECBB692CBFBF76 /* Frameworks */ = {
			isa = PBXGroup;
			children = (
				E6CF8216FA7164CF1BC22978 /* Pods_Remember_iOS.framework */,
			);
			name = Frameworks;
			sourceTree = "<group>";
		};
		27A31548C5563A68478CF5F2 /* Pods */ = {
			isa = PBXGroup;
			children = (
				8DA145BCE7B81C9A0DACC18B /* Pods-Remember-iOS.debug.xcconfig */,
				8CF2461BBC32D3FA0490DA95 /* Pods-Remember-iOS.release.xcconfig */,
			);
			path = Pods;
			sourceTree = "<group>";
		};
		ED5810BA273F82D00043AC27 = {
			isa = PBXGroup;
			children = (
				ED5810C5273F82D00043AC27 /* Remember-iOS */,
				ED5810C4273F82D00043AC27 /* Products */,
				27A31548C5563A68478CF5F2 /* Pods */,
				053F18F9A9ECBB692CBFBF76 /* Frameworks */,
			);
			sourceTree = "<group>";
		};
		ED5810C4273F82D00043AC27 /* Products */ = {
			isa = PBXGroup;
			children = (
				ED5810C3273F82D00043AC27 /* Remember-iOS.app */,
			);
			name = Products;
			sourceTree = "<group>";
		};
		ED5810C5273F82D00043AC27 /* Remember-iOS */ = {
			isa = PBXGroup;
			children = (
				ED5810DB273F87C20043AC27 /* Source */,
				ED5810DA273F87BA0043AC27 /* Resource */,
			);
			path = "Remember-iOS";
			sourceTree = "<group>";
		};
		ED5810DA273F87BA0043AC27 /* Resource */ = {
			isa = PBXGroup;
			children = (
				ED5810CF273F82D10043AC27 /* Assets.xcassets */,
				ED5810D4273F82D10043AC27 /* Info.plist */,
				ED5810DC273F8BEA0043AC27 /* Views */,
			);
			path = Resource;
			sourceTree = "<group>";
		};
		ED5810DB273F87C20043AC27 /* Source */ = {
			isa = PBXGroup;
			children = (
				EDE45BA6274384D0007DB91E /* Manager */,
				ED581104273F997A0043AC27 /* Literals */,
				ED581101273F98DC0043AC27 /* Base */,
				ED5810FC273F97F20043AC27 /* Protocol */,
				ED5810E4273F8C610043AC27 /* Extensions */,
				ED5810E3273F8C5F0043AC27 /* Models */,
				ED5810E2273F8C1E0043AC27 /* Supporting Files */,
				ED5810E1273F8C1B0043AC27 /* Cells */,
				ED5810E0273F8C0D0043AC27 /* Components */,
				ED5810DF273F8C060043AC27 /* ViewControllers */,
			);
			path = Source;
			sourceTree = "<group>";
		};
		ED5810DC273F8BEA0043AC27 /* Views */ = {
			isa = PBXGroup;
			children = (
				ED5810DE273F8BF00043AC27 /* Nibs */,
				ED5810DD273F8BED0043AC27 /* Storyboard */,
			);
			path = Views;
			sourceTree = "<group>";
		};
		ED5810DD273F8BED0043AC27 /* Storyboard */ = {
			isa = PBXGroup;
			children = (
				ED5810D1273F82D10043AC27 /* LaunchScreen.storyboard */,
				ED5810EA273F8FDF0043AC27 /* Community.storyboard */,
				779015C027477E4B00F83ACD /* TabBar.storyboard */,
			);
			path = Storyboard;
			sourceTree = "<group>";
		};
		ED5810DE273F8BF00043AC27 /* Nibs */ = {
			isa = PBXGroup;
			children = (
				7744C5592741861000325814 /* CommunityTVC.xib */,
				7744C56D2742414700325814 /* CategoryCVC.xib */,
				EDE45B9D27436BF4007DB91E /* CommentTVC.xib */,
				EDE45B9927436A65007DB91E /* ContentTVC.xib */,
				EDE45BAC27438BB9007DB91E /* TypeCVC.xib */,
				EDE45BB62743AA31007DB91E /* CommentSection.xib */,
			);
			path = Nibs;
			sourceTree = "<group>";
		};
		ED5810DF273F8C060043AC27 /* ViewControllers */ = {
			isa = PBXGroup;
			children = (
				ED5810ED273F8FFC0043AC27 /* CommunityVC.swift */,
				ED58110A273FA1970043AC27 /* CreatePostVC.swift */,
				779015C227477ED000F83ACD /* TabBarVC.swift */,
				EDE45BA027436C91007DB91E /* DetailPostVC.swift */,
			);
			path = ViewControllers;
			sourceTree = "<group>";
		};
		ED5810E0273F8C0D0043AC27 /* Components */ = {
			isa = PBXGroup;
			children = (
				EDE45BA2274374B5007DB91E /* NavigationBar.swift */,
				EDE45BB02743919C007DB91E /* CommentHeader.swift */,
				EDE45BB42743AA1F007DB91E /* CommentSection.swift */,
			);
			path = Components;
			sourceTree = "<group>";
		};
		ED5810E1273F8C1B0043AC27 /* Cells */ = {
			isa = PBXGroup;
			children = (
				7744C5582741861000325814 /* CommunityTVC.swift */,
				7744C56C2742414700325814 /* CategoryCVC.swift */,
				EDE45BAB27438BB9007DB91E /* TypeCVC.swift */,
				EDE45B9827436A65007DB91E /* ContentTVC.swift */,
				EDE45B9C27436BF4007DB91E /* CommentTVC.swift */,
			);
			path = Cells;
			sourceTree = "<group>";
		};
		ED5810E2273F8C1E0043AC27 /* Supporting Files */ = {
			isa = PBXGroup;
			children = (
				ED5810C6273F82D00043AC27 /* AppDelegate.swift */,
				ED5810C8273F82D00043AC27 /* SceneDelegate.swift */,
			);
			path = "Supporting Files";
			sourceTree = "<group>";
		};
		ED5810E3273F8C5F0043AC27 /* Models */ = {
			isa = PBXGroup;
			children = (
				7744C55C2741942300325814 /* AppContentDataModel.swift */,
				EDE45BA42743841D007DB91E /* Content.swift */,
			);
			path = Models;
			sourceTree = "<group>";
		};
		ED5810E4273F8C610043AC27 /* Extensions */ = {
			isa = PBXGroup;
			children = (
				ED5810EF273F96920043AC27 /* UIView+.swift */,
				ED5810F1273F96CB0043AC27 /* UIScreen+.swift */,
				ED5810F4273F97020043AC27 /* UIViewController+.swift */,
				ED5810F6273F971A0043AC27 /* UITextField+.swift */,
				ED5810F8273F973C0043AC27 /* Encodable+.swift */,
				ED5810FA273F97C20043AC27 /* ClassName+UIViewController.swift */,
				779015C42747800C00F83ACD /* CALayer+.swift */,
				EDE45BA927438A2E007DB91E /* UILabel+.swift */,
			);
			path = Extensions;
			sourceTree = "<group>";
		};
		ED5810FC273F97F20043AC27 /* Protocol */ = {
			isa = PBXGroup;
			children = (
				ED5810FD273F97FA0043AC27 /* UICollectionViewRegisterable.swift */,
				ED5810FF273F980B0043AC27 /* UITableViewRegisterable.swift */,
			);
			path = Protocol;
			sourceTree = "<group>";
		};
		ED581101273F98DC0043AC27 /* Base */ = {
			isa = PBXGroup;
			children = (
				EDE45B9627436758007DB91E /* DataTableViewController.swift */,
				ED581102273F98F00043AC27 /* BaseViewController.swift */,
			);
			path = Base;
			sourceTree = "<group>";
		};
		ED581104273F997A0043AC27 /* Literals */ = {
			isa = PBXGroup;
			children = (
				ED581105273F998C0043AC27 /* ColorLiteral.swift */,
				ED581107273F9A8C0043AC27 /* ImageLiteral.swift */,
			);
			path = Literals;
			sourceTree = "<group>";
		};
		EDE45BA6274384D0007DB91E /* Manager */ = {
			isa = PBXGroup;
			children = (
				EDE45BA7274384DF007DB91E /* PostManager.swift */,
			);
			path = Manager;
			sourceTree = "<group>";
		};
/* End PBXGroup section */

/* Begin PBXNativeTarget section */
		ED5810C2273F82D00043AC27 /* Remember-iOS */ = {
			isa = PBXNativeTarget;
			buildConfigurationList = ED5810D7273F82D10043AC27 /* Build configuration list for PBXNativeTarget "Remember-iOS" */;
			buildPhases = (
				742F2BAC04B1AD01971A4726 /* [CP] Check Pods Manifest.lock */,
				ED5810BF273F82D00043AC27 /* Sources */,
				ED5810C0273F82D00043AC27 /* Frameworks */,
				ED5810C1273F82D00043AC27 /* Resources */,
				14B1296B8F6F56541C2D9536 /* [CP] Embed Pods Frameworks */,
			);
			buildRules = (
			);
			dependencies = (
			);
			name = "Remember-iOS";
			productName = "Remember-iOS";
			productReference = ED5810C3273F82D00043AC27 /* Remember-iOS.app */;
			productType = "com.apple.product-type.application";
		};
/* End PBXNativeTarget section */

/* Begin PBXProject section */
		ED5810BB273F82D00043AC27 /* Project object */ = {
			isa = PBXProject;
			attributes = {
				BuildIndependentTargetsInParallel = 1;
				LastSwiftUpdateCheck = 1310;
				LastUpgradeCheck = 1310;
				TargetAttributes = {
					ED5810C2273F82D00043AC27 = {
						CreatedOnToolsVersion = 13.1;
					};
				};
			};
			buildConfigurationList = ED5810BE273F82D00043AC27 /* Build configuration list for PBXProject "Remember-iOS" */;
			compatibilityVersion = "Xcode 13.0";
			developmentRegion = en;
			hasScannedForEncodings = 0;
			knownRegions = (
				en,
				Base,
			);
			mainGroup = ED5810BA273F82D00043AC27;
			productRefGroup = ED5810C4273F82D00043AC27 /* Products */;
			projectDirPath = "";
			projectRoot = "";
			targets = (
				ED5810C2273F82D00043AC27 /* Remember-iOS */,
			);
		};
/* End PBXProject section */

/* Begin PBXResourcesBuildPhase section */
		ED5810C1273F82D00043AC27 /* Resources */ = {
			isa = PBXResourcesBuildPhase;
			buildActionMask = 2147483647;
			files = (
				ED5810EB273F8FDF0043AC27 /* Community.storyboard in Resources */,
				7744C56F2742414700325814 /* CategoryCVC.xib in Resources */,
				EDE45B9F27436BF4007DB91E /* CommentTVC.xib in Resources */,
				ED5810D3273F82D10043AC27 /* LaunchScreen.storyboard in Resources */,
				ED5810D0273F82D10043AC27 /* Assets.xcassets in Resources */,
				779015C127477E4B00F83ACD /* TabBar.storyboard in Resources */,
				7744C55B2741861000325814 /* CommunityTVC.xib in Resources */,
				EDE45BAE27438BB9007DB91E /* TypeCVC.xib in Resources */,
				EDE45BB72743AA31007DB91E /* CommentSection.xib in Resources */,
				EDE45B9B27436A65007DB91E /* ContentTVC.xib in Resources */,
			);
			runOnlyForDeploymentPostprocessing = 0;
		};
/* End PBXResourcesBuildPhase section */

/* Begin PBXShellScriptBuildPhase section */
		14B1296B8F6F56541C2D9536 /* [CP] Embed Pods Frameworks */ = {
			isa = PBXShellScriptBuildPhase;
			buildActionMask = 2147483647;
			files = (
			);
			inputFileListPaths = (
				"${PODS_ROOT}/Target Support Files/Pods-Remember-iOS/Pods-Remember-iOS-frameworks-${CONFIGURATION}-input-files.xcfilelist",
			);
			name = "[CP] Embed Pods Frameworks";
			outputFileListPaths = (
				"${PODS_ROOT}/Target Support Files/Pods-Remember-iOS/Pods-Remember-iOS-frameworks-${CONFIGURATION}-output-files.xcfilelist",
			);
			runOnlyForDeploymentPostprocessing = 0;
			shellPath = /bin/sh;
			shellScript = "\"${PODS_ROOT}/Target Support Files/Pods-Remember-iOS/Pods-Remember-iOS-frameworks.sh\"\n";
			showEnvVarsInLog = 0;
		};
		742F2BAC04B1AD01971A4726 /* [CP] Check Pods Manifest.lock */ = {
			isa = PBXShellScriptBuildPhase;
			buildActionMask = 2147483647;
			files = (
			);
			inputFileListPaths = (
			);
			inputPaths = (
				"${PODS_PODFILE_DIR_PATH}/Podfile.lock",
				"${PODS_ROOT}/Manifest.lock",
			);
			name = "[CP] Check Pods Manifest.lock";
			outputFileListPaths = (
			);
			outputPaths = (
				"$(DERIVED_FILE_DIR)/Pods-Remember-iOS-checkManifestLockResult.txt",
			);
			runOnlyForDeploymentPostprocessing = 0;
			shellPath = /bin/sh;
			shellScript = "diff \"${PODS_PODFILE_DIR_PATH}/Podfile.lock\" \"${PODS_ROOT}/Manifest.lock\" > /dev/null\nif [ $? != 0 ] ; then\n    # print error to STDERR\n    echo \"error: The sandbox is not in sync with the Podfile.lock. Run 'pod install' or update your CocoaPods installation.\" >&2\n    exit 1\nfi\n# This output is used by Xcode 'outputs' to avoid re-running this script phase.\necho \"SUCCESS\" > \"${SCRIPT_OUTPUT_FILE_0}\"\n";
			showEnvVarsInLog = 0;
		};
/* End PBXShellScriptBuildPhase section */

/* Begin PBXSourcesBuildPhase section */
		ED5810BF273F82D00043AC27 /* Sources */ = {
			isa = PBXSourcesBuildPhase;
			buildActionMask = 2147483647;
			files = (
				ED5810FB273F97C20043AC27 /* ClassName+UIViewController.swift in Sources */,
				ED581100273F980B0043AC27 /* UITableViewRegisterable.swift in Sources */,
				EDE45BA52743841D007DB91E /* Content.swift in Sources */,
				ED5810F0273F96920043AC27 /* UIView+.swift in Sources */,
				EDE45B9E27436BF4007DB91E /* CommentTVC.swift in Sources */,
				ED581108273F9A8C0043AC27 /* ImageLiteral.swift in Sources */,
				ED5810EE273F8FFC0043AC27 /* CommunityVC.swift in Sources */,
				ED58110B273FA1970043AC27 /* CreatePostVC.swift in Sources */,
				ED5810F7273F971A0043AC27 /* UITextField+.swift in Sources */,
				ED581103273F98F00043AC27 /* BaseViewController.swift in Sources */,
				ED5810F9273F973C0043AC27 /* Encodable+.swift in Sources */,
				779015C327477ED000F83ACD /* TabBarVC.swift in Sources */,
				7744C56E2742414700325814 /* CategoryCVC.swift in Sources */,
				EDE45BAA27438A2E007DB91E /* UILabel+.swift in Sources */,
				EDE45B9A27436A65007DB91E /* ContentTVC.swift in Sources */,
				EDE45B9727436758007DB91E /* DataTableViewController.swift in Sources */,
				ED5810F5273F97020043AC27 /* UIViewController+.swift in Sources */,
				ED5810C7273F82D00043AC27 /* AppDelegate.swift in Sources */,
				EDE45BA127436C91007DB91E /* DetailPostVC.swift in Sources */,
				EDE45BB52743AA1F007DB91E /* CommentSection.swift in Sources */,
				EDE45BA3274374B5007DB91E /* NavigationBar.swift in Sources */,
				779015C52747800C00F83ACD /* CALayer+.swift in Sources */,
				ED5810FE273F97FA0043AC27 /* UICollectionViewRegisterable.swift in Sources */,
				7744C55D2741942300325814 /* AppContentDataModel.swift in Sources */,
				ED5810C9273F82D00043AC27 /* SceneDelegate.swift in Sources */,
				EDE45BA8274384DF007DB91E /* PostManager.swift in Sources */,
				ED5810F2273F96CB0043AC27 /* UIScreen+.swift in Sources */,
				7744C55A2741861000325814 /* CommunityTVC.swift in Sources */,
				EDE45BAD27438BB9007DB91E /* TypeCVC.swift in Sources */,
				EDE45BB12743919C007DB91E /* CommentHeader.swift in Sources */,
				ED581106273F998C0043AC27 /* ColorLiteral.swift in Sources */,
			);
			runOnlyForDeploymentPostprocessing = 0;
		};
/* End PBXSourcesBuildPhase section */

/* Begin PBXVariantGroup section */
		ED5810D1273F82D10043AC27 /* LaunchScreen.storyboard */ = {
			isa = PBXVariantGroup;
			children = (
				ED5810D2273F82D10043AC27 /* Base */,
			);
			name = LaunchScreen.storyboard;
			sourceTree = "<group>";
		};
/* End PBXVariantGroup section */

/* Begin XCBuildConfiguration section */
		ED5810D5273F82D10043AC27 /* Debug */ = {
			isa = XCBuildConfiguration;
			buildSettings = {
				ALWAYS_SEARCH_USER_PATHS = NO;
				CLANG_ANALYZER_NONNULL = YES;
				CLANG_ANALYZER_NUMBER_OBJECT_CONVERSION = YES_AGGRESSIVE;
				CLANG_CXX_LANGUAGE_STANDARD = "gnu++17";
				CLANG_CXX_LIBRARY = "libc++";
				CLANG_ENABLE_MODULES = YES;
				CLANG_ENABLE_OBJC_ARC = YES;
				CLANG_ENABLE_OBJC_WEAK = YES;
				CLANG_WARN_BLOCK_CAPTURE_AUTORELEASING = YES;
				CLANG_WARN_BOOL_CONVERSION = YES;
				CLANG_WARN_COMMA = YES;
				CLANG_WARN_CONSTANT_CONVERSION = YES;
				CLANG_WARN_DEPRECATED_OBJC_IMPLEMENTATIONS = YES;
				CLANG_WARN_DIRECT_OBJC_ISA_USAGE = YES_ERROR;
				CLANG_WARN_DOCUMENTATION_COMMENTS = YES;
				CLANG_WARN_EMPTY_BODY = YES;
				CLANG_WARN_ENUM_CONVERSION = YES;
				CLANG_WARN_INFINITE_RECURSION = YES;
				CLANG_WARN_INT_CONVERSION = YES;
				CLANG_WARN_NON_LITERAL_NULL_CONVERSION = YES;
				CLANG_WARN_OBJC_IMPLICIT_RETAIN_SELF = YES;
				CLANG_WARN_OBJC_LITERAL_CONVERSION = YES;
				CLANG_WARN_OBJC_ROOT_CLASS = YES_ERROR;
				CLANG_WARN_QUOTED_INCLUDE_IN_FRAMEWORK_HEADER = YES;
				CLANG_WARN_RANGE_LOOP_ANALYSIS = YES;
				CLANG_WARN_STRICT_PROTOTYPES = YES;
				CLANG_WARN_SUSPICIOUS_MOVE = YES;
				CLANG_WARN_UNGUARDED_AVAILABILITY = YES_AGGRESSIVE;
				CLANG_WARN_UNREACHABLE_CODE = YES;
				CLANG_WARN__DUPLICATE_METHOD_MATCH = YES;
				COPY_PHASE_STRIP = NO;
				DEBUG_INFORMATION_FORMAT = dwarf;
				ENABLE_STRICT_OBJC_MSGSEND = YES;
				ENABLE_TESTABILITY = YES;
				GCC_C_LANGUAGE_STANDARD = gnu11;
				GCC_DYNAMIC_NO_PIC = NO;
				GCC_NO_COMMON_BLOCKS = YES;
				GCC_OPTIMIZATION_LEVEL = 0;
				GCC_PREPROCESSOR_DEFINITIONS = (
					"DEBUG=1",
					"$(inherited)",
				);
				GCC_WARN_64_TO_32_BIT_CONVERSION = YES;
				GCC_WARN_ABOUT_RETURN_TYPE = YES_ERROR;
				GCC_WARN_UNDECLARED_SELECTOR = YES;
				GCC_WARN_UNINITIALIZED_AUTOS = YES_AGGRESSIVE;
				GCC_WARN_UNUSED_FUNCTION = YES;
				GCC_WARN_UNUSED_VARIABLE = YES;
				IPHONEOS_DEPLOYMENT_TARGET = 15.0;
				MTL_ENABLE_DEBUG_INFO = INCLUDE_SOURCE;
				MTL_FAST_MATH = YES;
				ONLY_ACTIVE_ARCH = YES;
				SDKROOT = iphoneos;
				SWIFT_ACTIVE_COMPILATION_CONDITIONS = DEBUG;
				SWIFT_OPTIMIZATION_LEVEL = "-Onone";
			};
			name = Debug;
		};
		ED5810D6273F82D10043AC27 /* Release */ = {
			isa = XCBuildConfiguration;
			buildSettings = {
				ALWAYS_SEARCH_USER_PATHS = NO;
				CLANG_ANALYZER_NONNULL = YES;
				CLANG_ANALYZER_NUMBER_OBJECT_CONVERSION = YES_AGGRESSIVE;
				CLANG_CXX_LANGUAGE_STANDARD = "gnu++17";
				CLANG_CXX_LIBRARY = "libc++";
				CLANG_ENABLE_MODULES = YES;
				CLANG_ENABLE_OBJC_ARC = YES;
				CLANG_ENABLE_OBJC_WEAK = YES;
				CLANG_WARN_BLOCK_CAPTURE_AUTORELEASING = YES;
				CLANG_WARN_BOOL_CONVERSION = YES;
				CLANG_WARN_COMMA = YES;
				CLANG_WARN_CONSTANT_CONVERSION = YES;
				CLANG_WARN_DEPRECATED_OBJC_IMPLEMENTATIONS = YES;
				CLANG_WARN_DIRECT_OBJC_ISA_USAGE = YES_ERROR;
				CLANG_WARN_DOCUMENTATION_COMMENTS = YES;
				CLANG_WARN_EMPTY_BODY = YES;
				CLANG_WARN_ENUM_CONVERSION = YES;
				CLANG_WARN_INFINITE_RECURSION = YES;
				CLANG_WARN_INT_CONVERSION = YES;
				CLANG_WARN_NON_LITERAL_NULL_CONVERSION = YES;
				CLANG_WARN_OBJC_IMPLICIT_RETAIN_SELF = YES;
				CLANG_WARN_OBJC_LITERAL_CONVERSION = YES;
				CLANG_WARN_OBJC_ROOT_CLASS = YES_ERROR;
				CLANG_WARN_QUOTED_INCLUDE_IN_FRAMEWORK_HEADER = YES;
				CLANG_WARN_RANGE_LOOP_ANALYSIS = YES;
				CLANG_WARN_STRICT_PROTOTYPES = YES;
				CLANG_WARN_SUSPICIOUS_MOVE = YES;
				CLANG_WARN_UNGUARDED_AVAILABILITY = YES_AGGRESSIVE;
				CLANG_WARN_UNREACHABLE_CODE = YES;
				CLANG_WARN__DUPLICATE_METHOD_MATCH = YES;
				COPY_PHASE_STRIP = NO;
				DEBUG_INFORMATION_FORMAT = "dwarf-with-dsym";
				ENABLE_NS_ASSERTIONS = NO;
				ENABLE_STRICT_OBJC_MSGSEND = YES;
				GCC_C_LANGUAGE_STANDARD = gnu11;
				GCC_NO_COMMON_BLOCKS = YES;
				GCC_WARN_64_TO_32_BIT_CONVERSION = YES;
				GCC_WARN_ABOUT_RETURN_TYPE = YES_ERROR;
				GCC_WARN_UNDECLARED_SELECTOR = YES;
				GCC_WARN_UNINITIALIZED_AUTOS = YES_AGGRESSIVE;
				GCC_WARN_UNUSED_FUNCTION = YES;
				GCC_WARN_UNUSED_VARIABLE = YES;
				IPHONEOS_DEPLOYMENT_TARGET = 15.0;
				MTL_ENABLE_DEBUG_INFO = NO;
				MTL_FAST_MATH = YES;
				SDKROOT = iphoneos;
				SWIFT_COMPILATION_MODE = wholemodule;
				SWIFT_OPTIMIZATION_LEVEL = "-O";
				VALIDATE_PRODUCT = YES;
			};
			name = Release;
		};
		ED5810D8273F82D10043AC27 /* Debug */ = {
			isa = XCBuildConfiguration;
			baseConfigurationReference = 8DA145BCE7B81C9A0DACC18B /* Pods-Remember-iOS.debug.xcconfig */;
			buildSettings = {
				ASSETCATALOG_COMPILER_APPICON_NAME = AppIcon;
				ASSETCATALOG_COMPILER_GLOBAL_ACCENT_COLOR_NAME = AccentColor;
				CODE_SIGN_STYLE = Automatic;
				CURRENT_PROJECT_VERSION = 1;
				GENERATE_INFOPLIST_FILE = YES;
				INFOPLIST_FILE = "Remember-iOS/Resource/Info.plist";
				INFOPLIST_KEY_UIApplicationSupportsIndirectInputEvents = YES;
				INFOPLIST_KEY_UILaunchStoryboardName = LaunchScreen;
				INFOPLIST_KEY_UIMainStoryboardFile = Community;
				INFOPLIST_KEY_UISupportedInterfaceOrientations_iPad = "UIInterfaceOrientationPortrait UIInterfaceOrientationPortraitUpsideDown UIInterfaceOrientationLandscapeLeft UIInterfaceOrientationLandscapeRight";
				INFOPLIST_KEY_UISupportedInterfaceOrientations_iPhone = "UIInterfaceOrientationPortrait UIInterfaceOrientationLandscapeLeft UIInterfaceOrientationLandscapeRight";
				LD_RUNPATH_SEARCH_PATHS = (
					"$(inherited)",
					"@executable_path/Frameworks",
				);
				MARKETING_VERSION = 1.0;
				PRODUCT_BUNDLE_IDENTIFIER = "com.tiekle.Remember-iOS";
				PRODUCT_NAME = "$(TARGET_NAME)";
				SWIFT_EMIT_LOC_STRINGS = YES;
				SWIFT_VERSION = 5.0;
				TARGETED_DEVICE_FAMILY = "1,2";
			};
			name = Debug;
		};
		ED5810D9273F82D10043AC27 /* Release */ = {
			isa = XCBuildConfiguration;
			baseConfigurationReference = 8CF2461BBC32D3FA0490DA95 /* Pods-Remember-iOS.release.xcconfig */;
			buildSettings = {
				ASSETCATALOG_COMPILER_APPICON_NAME = AppIcon;
				ASSETCATALOG_COMPILER_GLOBAL_ACCENT_COLOR_NAME = AccentColor;
				CODE_SIGN_STYLE = Automatic;
				CURRENT_PROJECT_VERSION = 1;
				GENERATE_INFOPLIST_FILE = YES;
				INFOPLIST_FILE = "Remember-iOS/Resource/Info.plist";
				INFOPLIST_KEY_UIApplicationSupportsIndirectInputEvents = YES;
				INFOPLIST_KEY_UILaunchStoryboardName = LaunchScreen;
				INFOPLIST_KEY_UIMainStoryboardFile = Community;
				INFOPLIST_KEY_UISupportedInterfaceOrientations_iPad = "UIInterfaceOrientationPortrait UIInterfaceOrientationPortraitUpsideDown UIInterfaceOrientationLandscapeLeft UIInterfaceOrientationLandscapeRight";
				INFOPLIST_KEY_UISupportedInterfaceOrientations_iPhone = "UIInterfaceOrientationPortrait UIInterfaceOrientationLandscapeLeft UIInterfaceOrientationLandscapeRight";
				LD_RUNPATH_SEARCH_PATHS = (
					"$(inherited)",
					"@executable_path/Frameworks",
				);
				MARKETING_VERSION = 1.0;
				PRODUCT_BUNDLE_IDENTIFIER = "com.tiekle.Remember-iOS";
				PRODUCT_NAME = "$(TARGET_NAME)";
				SWIFT_EMIT_LOC_STRINGS = YES;
				SWIFT_VERSION = 5.0;
				TARGETED_DEVICE_FAMILY = "1,2";
			};
			name = Release;
		};
/* End XCBuildConfiguration section */

/* Begin XCConfigurationList section */
		ED5810BE273F82D00043AC27 /* Build configuration list for PBXProject "Remember-iOS" */ = {
			isa = XCConfigurationList;
			buildConfigurations = (
				ED5810D5273F82D10043AC27 /* Debug */,
				ED5810D6273F82D10043AC27 /* Release */,
			);
			defaultConfigurationIsVisible = 0;
			defaultConfigurationName = Release;
		};
		ED5810D7273F82D10043AC27 /* Build configuration list for PBXNativeTarget "Remember-iOS" */ = {
			isa = XCConfigurationList;
			buildConfigurations = (
				ED5810D8273F82D10043AC27 /* Debug */,
				ED5810D9273F82D10043AC27 /* Release */,
			);
			defaultConfigurationIsVisible = 0;
			defaultConfigurationName = Release;
		};
/* End XCConfigurationList section */
	};
	rootObject = ED5810BB273F82D00043AC27 /* Project object */;
}
